
Microsoft Visual Studio Solution File, Format Version 12.00
# Visual Studio Version 17
VisualStudioVersion = 17.6.33815.320
MinimumVisualStudioVersion = 10.0.40219.1
Project("{FAE04EC0-301F-11D3-BF4B-00C04F79EFBC}") = "Figuras_Trigonometria", "Figuras_Trigonometria.csproj", "{841F466E-F879-42C9-85AC-876948499A3E}"
EndProject
Global
	GlobalSection(SolutionConfigurationPlatforms) = preSolution
		Debug|Any CPU = Debug|Any CPU
		Release|Any CPU = Release|Any CPU
	EndGlobalSection
	GlobalSection(ProjectConfigurationPlatforms) = postSolution
		{841F466E-F879-42C9-85AC-876948499A3E}.Debug|Any CPU.ActiveCfg = Debug|Any CPU
		{841F466E-F879-42C9-85AC-876948499A3E}.Debug|Any CPU.Build.0 = Debug|Any CPU
		{841F466E-F879-42C9-85AC-876948499A3E}.Release|Any CPU.ActiveCfg = Release|Any CPU
		{841F466E-F879-42C9-85AC-876948499A3E}.Release|Any CPU.Build.0 = Release|Any CPU
	EndGlobalSection
	GlobalSection(SolutionProperties) = preSolution
		HideSolutionNode = FALSE
	EndGlobalSection
	GlobalSection(ExtensibilityGlobals) = postSolution
		SolutionGuid = {69570819-860E-4108-B08F-96CA3C848FB9}
	EndGlobalSection
EndGlobal
